
Microsoft Visual Studio Solution File, Format Version 12.00
# Visual Studio Version 16
VisualStudioVersion = 16.0.30804.86
MinimumVisualStudioVersion = 10.0.40219.1
Project("{FAE04EC0-301F-11D3-BF4B-00C04F79EFBC}") = "ClassMetotDemo", "ClassMetotDemo\ClassMetotDemo.csproj", "{0619855E-4961-450C-AA0C-A02838471CAA}"
EndProject
Global
	GlobalSection(SolutionConfigurationPlatforms) = preSolution
		Debug|Any CPU = Debug|Any CPU
		Release|Any CPU = Release|Any CPU
	EndGlobalSection
	GlobalSection(ProjectConfigurationPlatforms) = postSolution
		{0619855E-4961-450C-AA0C-A02838471CAA}.Debug|Any CPU.ActiveCfg = Debug|Any CPU
		{0619855E-4961-450C-AA0C-A02838471CAA}.Debug|Any CPU.Build.0 = Debug|Any CPU
		{0619855E-4961-450C-AA0C-A02838471CAA}.Release|Any CPU.ActiveCfg = Release|Any CPU
		{0619855E-4961-450C-AA0C-A02838471CAA}.Release|Any CPU.Build.0 = Release|Any CPU
	EndGlobalSection
	GlobalSection(SolutionProperties) = preSolution
		HideSolutionNode = FALSE
	EndGlobalSection
	GlobalSection(ExtensibilityGlobals) = postSolution
		SolutionGuid = {4A20D96C-9F5A-46B9-9385-DECF4E1B8E47}
	EndGlobalSection
EndGlobal
